
Microsoft Visual Studio Solution File, Format Version 12.00
# Visual Studio Version 17
VisualStudioVersion = 17.0.31903.59
MinimumVisualStudioVersion = 10.0.40219.1
Project("{FAE04EC0-301F-11D3-BF4B-00C04F79EFBC}") = "SimpleUser.API", "SimpleUser.API\SimpleUser.API.csproj", "{27772204-AAF9-4593-A317-D70C162E40C1}"
EndProject
Project("{FAE04EC0-301F-11D3-BF4B-00C04F79EFBC}") = "SimpleUser.Application", "SimpleUser.Application\SimpleUser.Application.csproj", "{77D25CC8-8F05-4ED9-ADAC-F52D0B45B5F1}"
EndProject
Project("{FAE04EC0-301F-11D3-BF4B-00C04F79EFBC}") = "SimpleUser.Domain", "SimpleUser.Domain\SimpleUser.Domain.csproj", "{9FEBCDC3-4771-4100-B50B-879ED32B6FDE}"
EndProject
Project("{FAE04EC0-301F-11D3-BF4B-00C04F79EFBC}") = "SimpleUser.Infrastructure", "SimpleUser.Infrastructure\SimpleUser.Infrastructure.csproj", "{2ED270AF-54C4-4C24-AE37-971F63E39411}"
EndProject
Global
	GlobalSection(SolutionConfigurationPlatforms) = preSolution
		Debug|Any CPU = Debug|Any CPU
		Debug|x64 = Debug|x64
		Debug|x86 = Debug|x86
		Release|Any CPU = Release|Any CPU
		Release|x64 = Release|x64
		Release|x86 = Release|x86
	EndGlobalSection
	GlobalSection(ProjectConfigurationPlatforms) = postSolution
		{27772204-AAF9-4593-A317-D70C162E40C1}.Debug|Any CPU.ActiveCfg = Debug|Any CPU
		{27772204-AAF9-4593-A317-D70C162E40C1}.Debug|Any CPU.Build.0 = Debug|Any CPU
		{27772204-AAF9-4593-A317-D70C162E40C1}.Debug|x64.ActiveCfg = Debug|Any CPU
		{27772204-AAF9-4593-A317-D70C162E40C1}.Debug|x64.Build.0 = Debug|Any CPU
		{27772204-AAF9-4593-A317-D70C162E40C1}.Debug|x86.ActiveCfg = Debug|Any CPU
		{27772204-AAF9-4593-A317-D70C162E40C1}.Debug|x86.Build.0 = Debug|Any CPU
		{27772204-AAF9-4593-A317-D70C162E40C1}.Release|Any CPU.ActiveCfg = Release|Any CPU
		{27772204-AAF9-4593-A317-D70C162E40C1}.Release|Any CPU.Build.0 = Release|Any CPU
		{27772204-AAF9-4593-A317-D70C162E40C1}.Release|x64.ActiveCfg = Release|Any CPU
		{27772204-AAF9-4593-A317-D70C162E40C1}.Release|x64.Build.0 = Release|Any CPU
		{27772204-AAF9-4593-A317-D70C162E40C1}.Release|x86.ActiveCfg = Release|Any CPU
		{27772204-AAF9-4593-A317-D70C162E40C1}.Release|x86.Build.0 = Release|Any CPU
		{77D25CC8-8F05-4ED9-ADAC-F52D0B45B5F1}.Debug|Any CPU.ActiveCfg = Debug|Any CPU
		{77D25CC8-8F05-4ED9-ADAC-F52D0B45B5F1}.Debug|Any CPU.Build.0 = Debug|Any CPU
		{77D25CC8-8F05-4ED9-ADAC-F52D0B45B5F1}.Debug|x64.ActiveCfg = Debug|Any CPU
		{77D25CC8-8F05-4ED9-ADAC-F52D0B45B5F1}.Debug|x64.Build.0 = Debug|Any CPU
		{77D25CC8-8F05-4ED9-ADAC-F52D0B45B5F1}.Debug|x86.ActiveCfg = Debug|Any CPU
		{77D25CC8-8F05-4ED9-ADAC-F52D0B45B5F1}.Debug|x86.Build.0 = Debug|Any CPU
		{77D25CC8-8F05-4ED9-ADAC-F52D0B45B5F1}.Release|Any CPU.ActiveCfg = Release|Any CPU
		{77D25CC8-8F05-4ED9-ADAC-F52D0B45B5F1}.Release|Any CPU.Build.0 = Release|Any CPU
		{77D25CC8-8F05-4ED9-ADAC-F52D0B45B5F1}.Release|x64.ActiveCfg = Release|Any CPU
		{77D25CC8-8F05-4ED9-ADAC-F52D0B45B5F1}.Release|x64.Build.0 = Release|Any CPU
		{77D25CC8-8F05-4ED9-ADAC-F52D0B45B5F1}.Release|x86.ActiveCfg = Release|Any CPU
		{77D25CC8-8F05-4ED9-ADAC-F52D0B45B5F1}.Release|x86.Build.0 = Release|Any CPU
		{9FEBCDC3-4771-4100-B50B-879ED32B6FDE}.Debug|Any CPU.ActiveCfg = Debug|Any CPU
		{9FEBCDC3-4771-4100-B50B-879ED32B6FDE}.Debug|Any CPU.Build.0 = Debug|Any CPU
		{9FEBCDC3-4771-4100-B50B-879ED32B6FDE}.Debug|x64.ActiveCfg = Debug|Any CPU
		{9FEBCDC3-4771-4100-B50B-879ED32B6FDE}.Debug|x64.Build.0 = Debug|Any CPU
		{9FEBCDC3-4771-4100-B50B-879ED32B6FDE}.Debug|x86.ActiveCfg = Debug|Any CPU
		{9FEBCDC3-4771-4100-B50B-879ED32B6FDE}.Debug|x86.Build.0 = Debug|Any CPU
		{9FEBCDC3-4771-4100-B50B-879ED32B6FDE}.Release|Any CPU.ActiveCfg = Release|Any CPU
		{9FEBCDC3-4771-4100-B50B-879ED32B6FDE}.Release|Any CPU.Build.0 = Release|Any CPU
		{9FEBCDC3-4771-4100-B50B-879ED32B6FDE}.Release|x64.ActiveCfg = Release|Any CPU
		{9FEBCDC3-4771-4100-B50B-879ED32B6FDE}.Release|x64.Build.0 = Release|Any CPU
		{9FEBCDC3-4771-4100-B50B-879ED32B6FDE}.Release|x86.ActiveCfg = Release|Any CPU
		{9FEBCDC3-4771-4100-B50B-879ED32B6FDE}.Release|x86.Build.0 = Release|Any CPU
		{2ED270AF-54C4-4C24-AE37-971F63E39411}.Debug|Any CPU.ActiveCfg = Debug|Any CPU
		{2ED270AF-54C4-4C24-AE37-971F63E39411}.Debug|Any CPU.Build.0 = Debug|Any CPU
		{2ED270AF-54C4-4C24-AE37-971F63E39411}.Debug|x64.ActiveCfg = Debug|Any CPU
		{2ED270AF-54C4-4C24-AE37-971F63E39411}.Debug|x64.Build.0 = Debug|Any CPU
		{2ED270AF-54C4-4C24-AE37-971F63E39411}.Debug|x86.ActiveCfg = Debug|Any CPU
		{2ED270AF-54C4-4C24-AE37-971F63E39411}.Debug|x86.Build.0 = Debug|Any CPU
		{2ED270AF-54C4-4C24-AE37-971F63E39411}.Release|Any CPU.ActiveCfg = Release|Any CPU
		{2ED270AF-54C4-4C24-AE37-971F63E39411}.Release|Any CPU.Build.0 = Release|Any CPU
		{2ED270AF-54C4-4C24-AE37-971F63E39411}.Release|x64.ActiveCfg = Release|Any CPU
		{2ED270AF-54C4-4C24-AE37-971F63E39411}.Release|x64.Build.0 = Release|Any CPU
		{2ED270AF-54C4-4C24-AE37-971F63E39411}.Release|x86.ActiveCfg = Release|Any CPU
		{2ED270AF-54C4-4C24-AE37-971F63E39411}.Release|x86.Build.0 = Release|Any CPU
	EndGlobalSection
	GlobalSection(SolutionProperties) = preSolution
		HideSolutionNode = FALSE
	EndGlobalSection
EndGlobal
